schema: '2.0'
stages:
  prepare:
    cmd: python3.12 src/prepare.py data/raw data/prepared
    deps:
    - path: data/raw
      hash: md5
      md5: 6d8f0c274829764e1ea1112420825014.dir
      size: 8822930
      nfiles: 1605
    - path: src/prepare.py
      hash: md5
      md5: 64f3a49d111d9382c49052044ae0f92d
      size: 2596
      isexec: true
    - path: src/utils/seed.py
      hash: md5
      md5: 88d1f3a0005669ee70a6b5177dc12abb
      size: 454
      isexec: true
    params:
      params.yaml:
        prepare:
          seed: 77
          split: 0.2
          image_size:
          - 32
          - 32
          grayscale: true
    outs:
    - path: data/prepared
      hash: md5
      md5: d86e59190ee26c1d823049fbf004dbf7.dir
      size: 6619317
      nfiles: 8
  train:
    cmd: python3.12 src/train.py data/prepared model
    deps:
    - path: data/prepared
      hash: md5
      md5: d86e59190ee26c1d823049fbf004dbf7.dir
      size: 6619317
      nfiles: 8
    - path: src/train.py
      hash: md5
      md5: 39f771a52a460196ae6e66dc7cccc883
      size: 2663
      isexec: true
    - path: src/utils/seed.py
      hash: md5
      md5: 88d1f3a0005669ee70a6b5177dc12abb
      size: 454
      isexec: true
    params:
      params.yaml:
        train:
          seed: 77
          lr: 0.001
          epochs: 10
          conv_size: 64
          dense_size: 128
          output_classes: 11
    outs:
    - path: model
      hash: md5
      md5: e5f9bf272d0073ee2bd6ecfca609eaba.dir
      size: 9887778
      nfiles: 2
  evaluate:
    cmd: python3.12 src/evaluate.py model data/prepared
    deps:
    - path: model
      hash: md5
      md5: e5f9bf272d0073ee2bd6ecfca609eaba.dir
      size: 9887778
      nfiles: 2
    - path: src/evaluate.py
      hash: md5
      md5: 8265c909c399a89dff43ee8176acc35f
      size: 5346
      isexec: true
    outs:
    - path: evaluation/metrics.json
      hash: md5
      md5: 58af984911dc5adba918521903568da4
      size: 63
      isexec: true
    - path: evaluation/plots/confusion_matrix.png
      hash: md5
      md5: 265c6f403574a45cb70f2d4757234362
      size: 44901
      isexec: true
    - path: evaluation/plots/pred_preview.png
      hash: md5
      md5: d7ff5ea6247fd41f4902dd699d693e9a
      size: 43556
      isexec: true
    - path: evaluation/plots/training_history.png
      hash: md5
      md5: 855d80c20e55b7a1d9ae0c7e31ecee04
      size: 37310
      isexec: true
